
Microsoft Visual Studio Solution File, Format Version 12.00
# Visual Studio Version 16
VisualStudioVersion = 16.0.29609.76
MinimumVisualStudioVersion = 10.0.40219.1
Project("{FAE04EC0-301F-11D3-BF4B-00C04F79EFBC}") = "NachPieShop", "NachPieShop\NachPieShop.csproj", "{0D9D6AB3-7BB3-4083-A7A7-6AFC18969740}"
EndProject
Global
	GlobalSection(SolutionConfigurationPlatforms) = preSolution
		Debug|Any CPU = Debug|Any CPU
		Release|Any CPU = Release|Any CPU
	EndGlobalSection
	GlobalSection(ProjectConfigurationPlatforms) = postSolution
		{0D9D6AB3-7BB3-4083-A7A7-6AFC18969740}.Debug|Any CPU.ActiveCfg = Debug|Any CPU
		{0D9D6AB3-7BB3-4083-A7A7-6AFC18969740}.Debug|Any CPU.Build.0 = Debug|Any CPU
		{0D9D6AB3-7BB3-4083-A7A7-6AFC18969740}.Release|Any CPU.ActiveCfg = Release|Any CPU
		{0D9D6AB3-7BB3-4083-A7A7-6AFC18969740}.Release|Any CPU.Build.0 = Release|Any CPU
	EndGlobalSection
	GlobalSection(SolutionProperties) = preSolution
		HideSolutionNode = FALSE
	EndGlobalSection
	GlobalSection(ExtensibilityGlobals) = postSolution
		SolutionGuid = {F2341CF5-A7DB-4F28-9BC7-AC0DB6F254B5}
	EndGlobalSection
EndGlobal
